# THIS IS AN AUTOGENERATED FILE. DO NOT EDIT THIS FILE DIRECTLY.
# yarn lockfile v1


react-native-logs@^2.2.1:
  version "2.2.1"
  resolved "https://registry.yarnpkg.com/react-native-logs/-/react-native-logs-2.2.1.tgz#ede856bae603957d6796e805e130a288e11b749d"
  integrity sha512-yWS2sPy3ZksYBt9C6Ga7YkBWOFT3E/onLluyci42iv29MWcQim0i59vUmZgIFgg2NwC04IQi04xfK5GiSZvyrQ==
